
Microsoft Visual Studio Solution File, Format Version 12.00
# Visual Studio Version 17
VisualStudioVersion = 17.0.32014.148
MinimumVisualStudioVersion = 10.0.40219.1
Project("{2150E333-8FDC-42A3-9474-1A3956D46DE8}") = "Infrastructure", "Infrastructure", "{4FF71082-67BD-44EE-AC69-31BEBA520FFE}"
EndProject
Project("{2150E333-8FDC-42A3-9474-1A3956D46DE8}") = "Presentation", "Presentation", "{AB07FD0C-38FF-4ED7-B0AF-610AD93F4DC9}"
EndProject
Project("{2150E333-8FDC-42A3-9474-1A3956D46DE8}") = "Core", "Core", "{6F1DCBE6-0877-4E7B-BD5E-174044A14701}"
EndProject
Project("{FAE04EC0-301F-11D3-BF4B-00C04F79EFBC}") = "ExchangeRate.Application", "ExchangeRate.Application\ExchangeRate.Application.csproj", "{5D904D93-44BB-46CA-B275-48BD682DDFA8}"
EndProject
Project("{FAE04EC0-301F-11D3-BF4B-00C04F79EFBC}") = "ExchangeRate.Domain", "ExchangeRate.Domain\ExchangeRate.Domain.csproj", "{FA73068F-029E-49BC-BD4F-DEFF2A4B3D68}"
EndProject
Project("{FAE04EC0-301F-11D3-BF4B-00C04F79EFBC}") = "ExchangeRate.Infrastructure", "ExchangeRate.Infrastructure\ExchangeRate.Infrastructure.csproj", "{CD5D5032-3F15-4C87-99AC-E582FB23F5C8}"
EndProject
Project("{FAE04EC0-301F-11D3-BF4B-00C04F79EFBC}") = "ExchangeRate.Infrastructure.Shared", "ExchangeRate.Infrastructure.Shared\ExchangeRate.Infrastructure.Shared.csproj", "{3BB3DE8E-0679-4A8C-BE2D-95B3B00439C7}"
EndProject
Project("{FAE04EC0-301F-11D3-BF4B-00C04F79EFBC}") = "ExchangeRate.API", "ExchangeRate.API\ExchangeRate.API.csproj", "{C0B4A254-A7CF-4CD1-890F-DB3A9887EE3D}"
EndProject
Global
	GlobalSection(SolutionConfigurationPlatforms) = preSolution
		Debug|Any CPU = Debug|Any CPU
		Release|Any CPU = Release|Any CPU
	EndGlobalSection
	GlobalSection(ProjectConfigurationPlatforms) = postSolution
		{5D904D93-44BB-46CA-B275-48BD682DDFA8}.Debug|Any CPU.ActiveCfg = Debug|Any CPU
		{5D904D93-44BB-46CA-B275-48BD682DDFA8}.Debug|Any CPU.Build.0 = Debug|Any CPU
		{5D904D93-44BB-46CA-B275-48BD682DDFA8}.Release|Any CPU.ActiveCfg = Release|Any CPU
		{5D904D93-44BB-46CA-B275-48BD682DDFA8}.Release|Any CPU.Build.0 = Release|Any CPU
		{FA73068F-029E-49BC-BD4F-DEFF2A4B3D68}.Debug|Any CPU.ActiveCfg = Debug|Any CPU
		{FA73068F-029E-49BC-BD4F-DEFF2A4B3D68}.Debug|Any CPU.Build.0 = Debug|Any CPU
		{FA73068F-029E-49BC-BD4F-DEFF2A4B3D68}.Release|Any CPU.ActiveCfg = Release|Any CPU
		{FA73068F-029E-49BC-BD4F-DEFF2A4B3D68}.Release|Any CPU.Build.0 = Release|Any CPU
		{CD5D5032-3F15-4C87-99AC-E582FB23F5C8}.Debug|Any CPU.ActiveCfg = Debug|Any CPU
		{CD5D5032-3F15-4C87-99AC-E582FB23F5C8}.Debug|Any CPU.Build.0 = Debug|Any CPU
		{CD5D5032-3F15-4C87-99AC-E582FB23F5C8}.Release|Any CPU.ActiveCfg = Release|Any CPU
		{CD5D5032-3F15-4C87-99AC-E582FB23F5C8}.Release|Any CPU.Build.0 = Release|Any CPU
		{3BB3DE8E-0679-4A8C-BE2D-95B3B00439C7}.Debug|Any CPU.ActiveCfg = Debug|Any CPU
		{3BB3DE8E-0679-4A8C-BE2D-95B3B00439C7}.Debug|Any CPU.Build.0 = Debug|Any CPU
		{3BB3DE8E-0679-4A8C-BE2D-95B3B00439C7}.Release|Any CPU.ActiveCfg = Release|Any CPU
		{3BB3DE8E-0679-4A8C-BE2D-95B3B00439C7}.Release|Any CPU.Build.0 = Release|Any CPU
		{C0B4A254-A7CF-4CD1-890F-DB3A9887EE3D}.Debug|Any CPU.ActiveCfg = Debug|Any CPU
		{C0B4A254-A7CF-4CD1-890F-DB3A9887EE3D}.Debug|Any CPU.Build.0 = Debug|Any CPU
		{C0B4A254-A7CF-4CD1-890F-DB3A9887EE3D}.Release|Any CPU.ActiveCfg = Release|Any CPU
		{C0B4A254-A7CF-4CD1-890F-DB3A9887EE3D}.Release|Any CPU.Build.0 = Release|Any CPU
	EndGlobalSection
	GlobalSection(SolutionProperties) = preSolution
		HideSolutionNode = FALSE
	EndGlobalSection
	GlobalSection(NestedProjects) = preSolution
		{5D904D93-44BB-46CA-B275-48BD682DDFA8} = {6F1DCBE6-0877-4E7B-BD5E-174044A14701}
		{FA73068F-029E-49BC-BD4F-DEFF2A4B3D68} = {6F1DCBE6-0877-4E7B-BD5E-174044A14701}
		{CD5D5032-3F15-4C87-99AC-E582FB23F5C8} = {4FF71082-67BD-44EE-AC69-31BEBA520FFE}
		{3BB3DE8E-0679-4A8C-BE2D-95B3B00439C7} = {4FF71082-67BD-44EE-AC69-31BEBA520FFE}
		{C0B4A254-A7CF-4CD1-890F-DB3A9887EE3D} = {AB07FD0C-38FF-4ED7-B0AF-610AD93F4DC9}
	EndGlobalSection
	GlobalSection(ExtensibilityGlobals) = postSolution
		SolutionGuid = {51391AC6-24A5-4C63-ABDB-B040A4D23C2F}
	EndGlobalSection
EndGlobal
